
Microsoft Visual Studio Solution File, Format Version 12.00
# Visual Studio 2013
VisualStudioVersion = 12.0.21005.1
MinimumVisualStudioVersion = 10.0.40219.1
Project("{FAE04EC0-301F-11D3-BF4B-00C04F79EFBC}") = "Datos", "Datos\Datos.csproj", "{B1D0FF99-DA2B-4B49-9B13-A9784A4386D3}"
EndProject
Project("{FAE04EC0-301F-11D3-BF4B-00C04F79EFBC}") = "Negocio", "Negocio\Negocio.csproj", "{BF8DBA3F-F21E-44E5-90C3-1615575DB72A}"
EndProject
Project("{FAE04EC0-301F-11D3-BF4B-00C04F79EFBC}") = "Web_Presentacion", "Web_Presentacion\Web_Presentacion.csproj", "{F57567FA-3D44-431F-A906-47F7C46AB3AD}"
EndProject
Global
	GlobalSection(SolutionConfigurationPlatforms) = preSolution
		Debug|Any CPU = Debug|Any CPU
		Release|Any CPU = Release|Any CPU
	EndGlobalSection
	GlobalSection(ProjectConfigurationPlatforms) = postSolution
		{B1D0FF99-DA2B-4B49-9B13-A9784A4386D3}.Debug|Any CPU.ActiveCfg = Debug|Any CPU
		{B1D0FF99-DA2B-4B49-9B13-A9784A4386D3}.Debug|Any CPU.Build.0 = Debug|Any CPU
		{B1D0FF99-DA2B-4B49-9B13-A9784A4386D3}.Release|Any CPU.ActiveCfg = Release|Any CPU
		{B1D0FF99-DA2B-4B49-9B13-A9784A4386D3}.Release|Any CPU.Build.0 = Release|Any CPU
		{BF8DBA3F-F21E-44E5-90C3-1615575DB72A}.Debug|Any CPU.ActiveCfg = Debug|Any CPU
		{BF8DBA3F-F21E-44E5-90C3-1615575DB72A}.Debug|Any CPU.Build.0 = Debug|Any CPU
		{BF8DBA3F-F21E-44E5-90C3-1615575DB72A}.Release|Any CPU.ActiveCfg = Release|Any CPU
		{BF8DBA3F-F21E-44E5-90C3-1615575DB72A}.Release|Any CPU.Build.0 = Release|Any CPU
		{F57567FA-3D44-431F-A906-47F7C46AB3AD}.Debug|Any CPU.ActiveCfg = Debug|Any CPU
		{F57567FA-3D44-431F-A906-47F7C46AB3AD}.Debug|Any CPU.Build.0 = Debug|Any CPU
		{F57567FA-3D44-431F-A906-47F7C46AB3AD}.Release|Any CPU.ActiveCfg = Release|Any CPU
		{F57567FA-3D44-431F-A906-47F7C46AB3AD}.Release|Any CPU.Build.0 = Release|Any CPU
	EndGlobalSection
	GlobalSection(SolutionProperties) = preSolution
		HideSolutionNode = FALSE
	EndGlobalSection
EndGlobal
